
Microsoft Visual Studio Solution File, Format Version 12.00
# Visual Studio Version 17
VisualStudioVersion = 17.9.34622.214
MinimumVisualStudioVersion = 10.0.40219.1
Project("{9A19103F-16F7-4668-BE54-9A1E7A4F7556}") = "eCommerce.Api", "eCommerce.Api\eCommerce.Api.csproj", "{74A1E53E-40BD-4DAE-A03E-E519562E28F7}"
EndProject
Project("{FAE04EC0-301F-11D3-BF4B-00C04F79EFBC}") = "eCommerce.UI", "eCommerce.UI\eCommerce.UI.csproj", "{EFA5D347-86DF-493D-A586-1CF47ABCA576}"
EndProject
Global
	GlobalSection(SolutionConfigurationPlatforms) = preSolution
		Debug|Any CPU = Debug|Any CPU
		Release|Any CPU = Release|Any CPU
	EndGlobalSection
	GlobalSection(ProjectConfigurationPlatforms) = postSolution
		{74A1E53E-40BD-4DAE-A03E-E519562E28F7}.Debug|Any CPU.ActiveCfg = Debug|Any CPU
		{74A1E53E-40BD-4DAE-A03E-E519562E28F7}.Debug|Any CPU.Build.0 = Debug|Any CPU
		{74A1E53E-40BD-4DAE-A03E-E519562E28F7}.Release|Any CPU.ActiveCfg = Release|Any CPU
		{74A1E53E-40BD-4DAE-A03E-E519562E28F7}.Release|Any CPU.Build.0 = Release|Any CPU
		{EFA5D347-86DF-493D-A586-1CF47ABCA576}.Debug|Any CPU.ActiveCfg = Debug|Any CPU
		{EFA5D347-86DF-493D-A586-1CF47ABCA576}.Debug|Any CPU.Build.0 = Debug|Any CPU
		{EFA5D347-86DF-493D-A586-1CF47ABCA576}.Debug|Any CPU.Deploy.0 = Debug|Any CPU
		{EFA5D347-86DF-493D-A586-1CF47ABCA576}.Release|Any CPU.ActiveCfg = Release|Any CPU
		{EFA5D347-86DF-493D-A586-1CF47ABCA576}.Release|Any CPU.Build.0 = Release|Any CPU
		{EFA5D347-86DF-493D-A586-1CF47ABCA576}.Release|Any CPU.Deploy.0 = Release|Any CPU
	EndGlobalSection
	GlobalSection(SolutionProperties) = preSolution
		HideSolutionNode = FALSE
	EndGlobalSection
	GlobalSection(ExtensibilityGlobals) = postSolution
		SolutionGuid = {2DEB2063-B7A7-464A-9ACD-2CB58EDCE163}
	EndGlobalSection
EndGlobal
